{
    "_readme": [
        "This file locks the dependencies of your project to a known state",
        "Read more about it at https://getcomposer.org/doc/01-basic-usage.md#installing-dependencies",
        "This file is @generated automatically"
    ],
    "content-hash": "a84b29db0879aab4dd8e4a6ed2e7d305",
    "packages": [
        {
            "name": "components/jquery",
            "version": "3.5.1",
            "source": {
                "type": "git",
                "url": "https://github.com/components/jquery.git",
                "reference": "b33e8f0f9a1cb2ae390cf05d766a900b53d2125b"
            },
            "dist": {
                "type": "zip",
                "url": "https://api.github.com/repos/components/jquery/zipball/b33e8f0f9a1cb2ae390cf05d766a900b53d2125b",
                "reference": "b33e8f0f9a1cb2ae390cf05d766a900b53d2125b",
                "shasum": ""
            },
            "type": "component",
            "extra": {
                "component": {
                    "scripts": [
                        "jquery.js"
                    ],
                    "files": [
                        "jquery.min.js",
                        "jquery.min.map",
                        "jquery.slim.js",
                        "jquery.slim.min.js",
                        "jquery.slim.min.map"
                    ]
                }
            },
            "notification-url": "https://packagist.org/downloads/",
            "license": [
                "MIT"
            ],
            "authors": [
                {
                    "name": "JS Foundation and other contributors"
                }
            ],
            "description": "jQuery JavaScript Library",
            "homepage": "http://jquery.com",
            "support": {
                "forum": "http://forum.jquery.com",
                "irc": "irc://irc.freenode.org/jquery",
                "issues": "https://github.com/jquery/jquery/issues",
                "source": "https://github.com/jquery/jquery",
                "wiki": "http://docs.jquery.com/"
            },
            "time": "2020-05-05T13:21:02+00:00"
        },
        {
            "name": "evenement/evenement",
            "version": "v3.0.1",
            "source": {
                "type": "git",
                "url": "https://github.com/igorw/evenement.git",
                "reference": "531bfb9d15f8aa57454f5f0285b18bec903b8fb7"
            },
            "dist": {
                "type": "zip",
                "url": "https://api.github.com/repos/igorw/evenement/zipball/531bfb9d15f8aa57454f5f0285b18bec903b8fb7",
                "reference": "531bfb9d15f8aa57454f5f0285b18bec903b8fb7",
                "shasum": ""
            },
            "require": {
                "php": ">=7.0"
            },
            "require-dev": {
                "phpunit/phpunit": "^6.0"
            },
            "type": "library",
            "autoload": {
                "psr-0": {
                    "Evenement": "src"
                }
            },
            "notification-url": "https://packagist.org/downloads/",
            "license": [
                "MIT"
            ],
            "authors": [
                {
                    "name": "Igor Wiedler",
                    "email": "igor@wiedler.ch"
                }
            ],
            "description": "Événement is a very simple event dispatching library for PHP",
            "keywords": [
                "event-dispatcher",
                "event-emitter"
            ],
            "support": {
                "issues": "https://github.com/igorw/evenement/issues",
                "source": "https://github.com/igorw/evenement/tree/master"
            },
            "time": "2017-07-23T21:35:13+00:00"
        },
        {
            "name": "fortawesome/font-awesome",
            "version": "5.15.3",
            "source": {
                "type": "git",
                "url": "https://github.com/FortAwesome/Font-Awesome.git",
                "reference": "d79d85c3fad85ad1885e87ed558f4afd6fce8289"
            },
            "dist": {
                "type": "zip",
                "url": "https://api.github.com/repos/FortAwesome/Font-Awesome/zipball/d79d85c3fad85ad1885e87ed558f4afd6fce8289",
                "reference": "d79d85c3fad85ad1885e87ed558f4afd6fce8289",
                "shasum": ""
            },
            "type": "library",
            "notification-url": "https://packagist.org/downloads/",
            "license": [
                "CC-BY-4.0",
                "OFL-1.1",
                "MIT"
            ],
            "authors": [
                {
                    "name": "Travis Chase",
                    "homepage": "http://twitter.com/supercodepoet"
                },
                {
                    "name": "Dave Gandy",
                    "homepage": "http://twitter.com/davegandy"
                },
                {
                    "name": "Rob Madole",
                    "homepage": "http://twitter.com/robmadole"
                },
                {
                    "name": "Jory Raphael",
                    "homepage": "http://twitter.com/sensibleworld"
                },
                {
                    "name": "Geremia Taglialatela",
                    "homepage": "http://twitter.com/gtagliala"
                },
                {
                    "name": "Brian Talbot",
                    "homepage": "http://twitter.com/talbs"
                },
                {
                    "name": "Mike Wilkerson",
                    "homepage": "http://twitter.com/mw77"
                }
            ],
            "description": "The iconic font, CSS, and SVG framework",
            "homepage": "https://fontawesome.com",
            "keywords": [
                "FontAwesome",
                "awesome",
                "bootstrap",
                "font",
                "icon",
                "svg"
            ],
            "support": {
                "docs": "http://fontawesome.com/how-to-use",
                "email": "hello@fontawesome.com",
                "issues": "https://github.com/FortAwesome/Font-Awesome/issues",
                "source": "https://github.com/FortAwesome/Font-Awesome"
            },
            "time": "2021-03-16T18:57:33+00:00"
        },
        {
            "name": "geshi/geshi",
            "version": "v1.0.9.1",
            "source": {
                "type": "git",
                "url": "https://github.com/GeSHi/geshi-1.0.git",
                "reference": "fd22ab78481bf90337862b590e6f7517863926b8"
            },
            "dist": {
                "type": "zip",
                "url": "https://api.github.com/repos/GeSHi/geshi-1.0/zipball/fd22ab78481bf90337862b590e6f7517863926b8",
                "reference": "fd22ab78481bf90337862b590e6f7517863926b8",
                "shasum": ""
            },
            "require-dev": {
                "phpunit/phpunit": "^5.7 || ^6.5 || ^7.5 || ^8.2"
            },
            "type": "library",
            "autoload": {
                "classmap": [
                    "src/geshi/",
                    "src/geshi.php"
                ]
            },
            "notification-url": "https://packagist.org/downloads/",
            "license": [
                "GPL-2.0+"
            ],
            "authors": [
                {
                    "name": "Benny Baumann",
                    "email": "BenBE@geshi.org",
                    "homepage": "http://blog.benny-baumann.de/",
                    "role": "Developer"
                }
            ],
            "description": "Generic Syntax Highlighter",
            "homepage": "http://qbnz.com/highlighter/",
            "support": {
                "forum": "https://lists.sourceforge.net/lists/listinfo/geshi-users",
                "irc": "irc://irc.freenode.org/geshi",
                "issues": "https://sourceforge.net/p/geshi/feature-requests/",
                "source": "https://github.com/GeSHi/geshi-1.0/tree/v1.0.9.1"
            },
            "time": "2019-10-20T20:54:46+00:00"
        },
        {
            "name": "mistralys/application-utils",
            "version": "1.4.3",
            "source": {
                "type": "git",
                "url": "https://github.com/Mistralys/application-utils.git",
                "reference": "a3e4b09f22f6d348f193097704e4d27b40040845"
            },
            "dist": {
                "type": "zip",
                "url": "https://api.github.com/repos/Mistralys/application-utils/zipball/a3e4b09f22f6d348f193097704e4d27b40040845",
                "reference": "a3e4b09f22f6d348f193097704e4d27b40040845",
                "shasum": ""
            },
            "require": {
                "geshi/geshi": ">=1.0.9.1",
                "mistralys/html_quickform2": ">=2.1.2",
                "neitanod/forceutf8": ">=2.0.4",
                "parsecsv/php-parsecsv": ">=1.2.1",
                "php": ">=7.3"
            },
            "require-dev": {
                "phpstan/phpstan": ">=0.12.74",
                "phpunit/phpunit": ">=8.5"
            },
            "suggest": {
                "mistralys/application-localization": "Required to translate available texts, from date related methods or file size labels for example."
            },
            "type": "library",
            "autoload": {
                "psr-4": {
                    "AppUtils\\": "src/"
                },
                "files": [
                    "src/functions.php"
                ],
                "classmap": [
                    "src/"
                ]
            },
            "notification-url": "https://packagist.org/downloads/",
            "license": [
                "GPL-3.0-or-later"
            ],
            "authors": [
                {
                    "name": "Sebastian Mordziol",
                    "email": "s.mordziol@mistralys.eu",
                    "role": "Lead"
                }
            ],
            "description": "Drop-in utilities for PHP applications.",
            "support": {
                "issues": "https://github.com/Mistralys/application-utils/issues",
                "source": "https://github.com/Mistralys/application-utils/tree/1.4.3"
            },
            "time": "2021-04-06T07:46:36+00:00"
        },
        {
            "name": "mistralys/html_quickform2",
            "version": "2.1.2",
            "source": {
                "type": "git",
                "url": "https://github.com/Mistralys/HTML_QuickForm2.git",
                "reference": "ccafac485aa663f5f826b334882d8c9553346122"
            },
            "dist": {
                "type": "zip",
                "url": "https://api.github.com/repos/Mistralys/HTML_QuickForm2/zipball/ccafac485aa663f5f826b334882d8c9553346122",
                "reference": "ccafac485aa663f5f826b334882d8c9553346122",
                "shasum": ""
            },
            "require": {
                "pear/html_common2": "^2.1",
                "pear/pear_exception": "^1.0"
            },
            "require-dev": {
                "phpstan/phpstan": ">=0.12.70",
                "phpunit/phpunit": "8.4"
            },
            "type": "library",
            "autoload": {
                "psr-0": {
                    "HTML_QuickForm2": ""
                }
            },
            "notification-url": "https://packagist.org/downloads/",
            "license": [
                "BSD-3-Clause"
            ],
            "authors": [
                {
                    "name": "Alexey Borzov",
                    "email": "avb@php.net",
                    "role": "Lead"
                },
                {
                    "name": "Bertrand Mansion",
                    "email": "golgote@mamasam.com",
                    "role": "Lead"
                },
                {
                    "name": "Sebastian Mordziol",
                    "email": "s.mordziol@mistralys.eu",
                    "role": "Contributor"
                }
            ],
            "description": "Provides methods to create, validate and render HTML forms in PHP.",
            "homepage": "https://pear.php.net/package/HTML_QuickForm2/",
            "keywords": [
                "Forms",
                "PEAR",
                "javascript",
                "quickform",
                "validation",
                "wizard"
            ],
            "support": {
                "docs": "https://pear.php.net/manual/en/package.html.html-quickform2.php",
                "issues": "http://pear.php.net/bugs/search.php?cmd=display&package_name[]=HTML_QuickForm2",
                "source": "https://github.com/pear/HTML_QuickForm2"
            },
            "time": "2021-01-28T08:54:13+00:00"
        },
        {
            "name": "neitanod/forceutf8",
            "version": "v2.0.4",
            "source": {
                "type": "git",
                "url": "https://github.com/neitanod/forceutf8.git",
                "reference": "c1fbe70bfb5ad41b8ec5785056b0e308b40d4831"
            },
            "dist": {
                "type": "zip",
                "url": "https://api.github.com/repos/neitanod/forceutf8/zipball/c1fbe70bfb5ad41b8ec5785056b0e308b40d4831",
                "reference": "c1fbe70bfb5ad41b8ec5785056b0e308b40d4831",
                "shasum": ""
            },
            "require": {
                "php": ">=5.3.0"
            },
            "type": "library",
            "autoload": {
                "psr-0": {
                    "ForceUTF8\\": "src/"
                }
            },
            "notification-url": "https://packagist.org/downloads/",
            "license": [
                "BSD-3-Clause"
            ],
            "authors": [
                {
                    "name": "Sebastián Grignoli",
                    "email": "grignoli@gmail.com"
                }
            ],
            "description": "PHP Class Encoding featuring popular Encoding::toUTF8() function --formerly known as forceUTF8()-- that fixes mixed encoded strings.",
            "homepage": "https://github.com/neitanod/forceutf8",
            "support": {
                "issues": "https://github.com/neitanod/forceutf8/issues",
                "source": "https://github.com/neitanod/forceutf8/tree/master"
            },
            "time": "2019-12-10T14:09:14+00:00"
        },
        {
            "name": "parsecsv/php-parsecsv",
            "version": "1.3.0",
            "source": {
                "type": "git",
                "url": "https://github.com/parsecsv/parsecsv-for-php.git",
                "reference": "b444afae2f407537ae713f98a7a0c94e296918e6"
            },
            "dist": {
                "type": "zip",
                "url": "https://api.github.com/repos/parsecsv/parsecsv-for-php/zipball/b444afae2f407537ae713f98a7a0c94e296918e6",
                "reference": "b444afae2f407537ae713f98a7a0c94e296918e6",
                "shasum": ""
            },
            "require": {
                "php": ">=5.5"
            },
            "require-dev": {
                "phpunit/phpunit": "^6",
                "squizlabs/php_codesniffer": "^3.5"
            },
            "suggest": {
                "illuminate/support": "Fluent array interface for map functions"
            },
            "type": "library",
            "extra": {
                "branch-alias": {
                    "dev-master": "1.0.x-dev"
                }
            },
            "autoload": {
                "psr-4": {
                    "ParseCsv\\": "src"
                }
            },
            "notification-url": "https://packagist.org/downloads/",
            "license": [
                "MIT"
            ],
            "authors": [
                {
                    "name": "Jim Myhrberg",
                    "email": "contact@jimeh.me"
                },
                {
                    "name": "William Knauss",
                    "email": "will.knauss@gmail.com"
                },
                {
                    "name": "Susann Sgorzaly",
                    "homepage": "https://github.com/susgo"
                },
                {
                    "name": "Christian Bläul",
                    "homepage": "https://github.com/Fonata"
                }
            ],
            "description": "CSV data parser for PHP",
            "support": {
                "issues": "https://github.com/parsecsv/parsecsv-for-php/issues",
                "source": "https://github.com/parsecsv/parsecsv-for-php"
            },
            "time": "2021-04-14T18:14:01+00:00"
        },
        {
            "name": "pear/html_common2",
            "version": "v2.1.2",
            "source": {
                "type": "git",
                "url": "https://github.com/pear/HTML_Common2.git",
                "reference": "a7867b8deb887765a431a5877d90d3430624dea7"
            },
            "dist": {
                "type": "zip",
                "url": "https://api.github.com/repos/pear/HTML_Common2/zipball/a7867b8deb887765a431a5877d90d3430624dea7",
                "reference": "a7867b8deb887765a431a5877d90d3430624dea7",
                "shasum": ""
            },
            "require-dev": {
                "phpunit/phpunit": "^3.7|^4.8|^5.7"
            },
            "type": "library",
            "autoload": {
                "psr-0": {
                    "HTML": "./"
                }
            },
            "notification-url": "https://packagist.org/downloads/",
            "license": [
                "BSD-3-Clause"
            ],
            "authors": [
                {
                    "name": "Alexey Borzov",
                    "email": "avb@php.net",
                    "role": "Lead"
                },
                {
                    "name": "Klaus Guenther",
                    "email": "thesaur@php.net",
                    "role": "Lead"
                }
            ],
            "description": "Abstract base class for HTML classes (PHP5 port of HTML_Common package).",
            "homepage": "https://pear.php.net/package/HTML_Common2",
            "keywords": [
                "PEAR",
                "attribute",
                "element",
                "html"
            ],
            "support": {
                "issues": "http://pear.php.net/bugs/search.php?cmd=display&package_name[]=HTML_Common2",
                "source": "https://github.com/pear/HTML_Common2"
            },
            "time": "2019-04-07T10:59:56+00:00"
        },
        {
            "name": "pear/pear_exception",
            "version": "v1.0.2",
            "source": {
                "type": "git",
                "url": "https://github.com/pear/PEAR_Exception.git",
                "reference": "b14fbe2ddb0b9f94f5b24cf08783d599f776fff0"
            },
            "dist": {
                "type": "zip",
                "url": "https://api.github.com/repos/pear/PEAR_Exception/zipball/b14fbe2ddb0b9f94f5b24cf08783d599f776fff0",
                "reference": "b14fbe2ddb0b9f94f5b24cf08783d599f776fff0",
                "shasum": ""
            },
            "require": {
                "php": ">=5.2.0"
            },
            "require-dev": {
                "phpunit/phpunit": "<9"
            },
            "type": "class",
            "extra": {
                "branch-alias": {
                    "dev-master": "1.0.x-dev"
                }
            },
            "autoload": {
                "classmap": [
                    "PEAR/"
                ]
            },
            "notification-url": "https://packagist.org/downloads/",
            "include-path": [
                "."
            ],
            "license": [
                "BSD-2-Clause"
            ],
            "authors": [
                {
                    "name": "Helgi Thormar",
                    "email": "dufuz@php.net"
                },
                {
                    "name": "Greg Beaver",
                    "email": "cellog@php.net"
                }
            ],
            "description": "The PEAR Exception base class.",
            "homepage": "https://github.com/pear/PEAR_Exception",
            "keywords": [
                "exception"
            ],
            "support": {
                "issues": "http://pear.php.net/bugs/search.php?cmd=display&package_name[]=PEAR_Exception",
                "source": "https://github.com/pear/PEAR_Exception"
            },
            "time": "2021-03-21T15:43:46+00:00"
        },
        {
            "name": "psr/http-message",
            "version": "1.0.1",
            "source": {
                "type": "git",
                "url": "https://github.com/php-fig/http-message.git",
                "reference": "f6561bf28d520154e4b0ec72be95418abe6d9363"
            },
            "dist": {
                "type": "zip",
                "url": "https://api.github.com/repos/php-fig/http-message/zipball/f6561bf28d520154e4b0ec72be95418abe6d9363",
                "reference": "f6561bf28d520154e4b0ec72be95418abe6d9363",
                "shasum": ""
            },
            "require": {
                "php": ">=5.3.0"
            },
            "type": "library",
            "extra": {
                "branch-alias": {
                    "dev-master": "1.0.x-dev"
                }
            },
            "autoload": {
                "psr-4": {
                    "Psr\\Http\\Message\\": "src/"
                }
            },
            "notification-url": "https://packagist.org/downloads/",
            "license": [
                "MIT"
            ],
            "authors": [
                {
                    "name": "PHP-FIG",
                    "homepage": "http://www.php-fig.org/"
                }
            ],
            "description": "Common interface for HTTP messages",
            "homepage": "https://github.com/php-fig/http-message",
            "keywords": [
                "http",
                "http-message",
                "psr",
                "psr-7",
                "request",
                "response"
            ],
            "support": {
                "source": "https://github.com/php-fig/http-message/tree/master"
            },
            "time": "2016-08-06T14:39:51+00:00"
        },
        {
            "name": "react/cache",
            "version": "v1.1.1",
            "source": {
                "type": "git",
                "url": "https://github.com/reactphp/cache.git",
                "reference": "4bf736a2cccec7298bdf745db77585966fc2ca7e"
            },
            "dist": {
                "type": "zip",
                "url": "https://api.github.com/repos/reactphp/cache/zipball/4bf736a2cccec7298bdf745db77585966fc2ca7e",
                "reference": "4bf736a2cccec7298bdf745db77585966fc2ca7e",
                "shasum": ""
            },
            "require": {
                "php": ">=5.3.0",
                "react/promise": "^3.0 || ^2.0 || ^1.1"
            },
            "require-dev": {
                "phpunit/phpunit": "^9.3 || ^5.7 || ^4.8.35"
            },
            "type": "library",
            "autoload": {
                "psr-4": {
                    "React\\Cache\\": "src/"
                }
            },
            "notification-url": "https://packagist.org/downloads/",
            "license": [
                "MIT"
            ],
            "authors": [
                {
                    "name": "Christian Lück",
                    "email": "christian@clue.engineering",
                    "homepage": "https://clue.engineering/"
                },
                {
                    "name": "Cees-Jan Kiewiet",
                    "email": "reactphp@ceesjankiewiet.nl",
                    "homepage": "https://wyrihaximus.net/"
                },
                {
                    "name": "Jan Sorgalla",
                    "email": "jsorgalla@gmail.com",
                    "homepage": "https://sorgalla.com/"
                },
                {
                    "name": "Chris Boden",
                    "email": "cboden@gmail.com",
                    "homepage": "https://cboden.dev/"
                }
            ],
            "description": "Async, Promise-based cache interface for ReactPHP",
            "keywords": [
                "cache",
                "caching",
                "promise",
                "reactphp"
            ],
            "support": {
                "issues": "https://github.com/reactphp/cache/issues",
                "source": "https://github.com/reactphp/cache/tree/v1.1.1"
            },
            "funding": [
                {
                    "url": "https://github.com/WyriHaximus",
                    "type": "github"
                },
                {
                    "url": "https://github.com/clue",
                    "type": "github"
                }
            ],
            "time": "2021-02-02T06:47:52+00:00"
        },
        {
            "name": "react/dns",
            "version": "v1.5.0",
            "source": {
                "type": "git",
                "url": "https://github.com/reactphp/dns.git",
                "reference": "b22b0b20278e8535e633ab71a52472c5bf620aa1"
            },
            "dist": {
                "type": "zip",
                "url": "https://api.github.com/repos/reactphp/dns/zipball/b22b0b20278e8535e633ab71a52472c5bf620aa1",
                "reference": "b22b0b20278e8535e633ab71a52472c5bf620aa1",
                "shasum": ""
            },
            "require": {
                "php": ">=5.3.0",
                "react/cache": "^1.0 || ^0.6 || ^0.5",
                "react/event-loop": "^1.0 || ^0.5",
                "react/promise": "^3.0 || ^2.7 || ^1.2.1",
                "react/promise-timer": "^1.2"
            },
            "require-dev": {
                "clue/block-react": "^1.2",
                "phpunit/phpunit": "^9.3 || ^4.8.35"
            },
            "type": "library",
            "autoload": {
                "psr-4": {
                    "React\\Dns\\": "src"
                }
            },
            "notification-url": "https://packagist.org/downloads/",
            "license": [
                "MIT"
            ],
            "authors": [
                {
                    "name": "Christian Lück",
                    "email": "christian@clue.engineering",
                    "homepage": "https://clue.engineering/"
                },
                {
                    "name": "Cees-Jan Kiewiet",
                    "email": "reactphp@ceesjankiewiet.nl",
                    "homepage": "https://wyrihaximus.net/"
                },
                {
                    "name": "Jan Sorgalla",
                    "email": "jsorgalla@gmail.com",
                    "homepage": "https://sorgalla.com/"
                },
                {
                    "name": "Chris Boden",
                    "email": "cboden@gmail.com",
                    "homepage": "https://cboden.dev/"
                }
            ],
            "description": "Async DNS resolver for ReactPHP",
            "keywords": [
                "async",
                "dns",
                "dns-resolver",
                "reactphp"
            ],
            "support": {
                "issues": "https://github.com/reactphp/dns/issues",
                "source": "https://github.com/reactphp/dns/tree/v1.5.0"
            },
            "funding": [
                {
                    "url": "https://github.com/WyriHaximus",
                    "type": "github"
                },
                {
                    "url": "https://github.com/clue",
                    "type": "github"
                }
            ],
            "time": "2021-03-05T12:16:50+00:00"
        },
        {
            "name": "react/event-loop",
            "version": "v1.1.1",
            "source": {
                "type": "git",
                "url": "https://github.com/reactphp/event-loop.git",
                "reference": "6d24de090cd59cfc830263cfba965be77b563c13"
            },
            "dist": {
                "type": "zip",
                "url": "https://api.github.com/repos/reactphp/event-loop/zipball/6d24de090cd59cfc830263cfba965be77b563c13",
                "reference": "6d24de090cd59cfc830263cfba965be77b563c13",
                "shasum": ""
            },
            "require": {
                "php": ">=5.3.0"
            },
            "require-dev": {
                "phpunit/phpunit": "^7.0 || ^6.4 || ^5.7 || ^4.8.35"
            },
            "suggest": {
                "ext-event": "~1.0 for ExtEventLoop",
                "ext-pcntl": "For signal handling support when using the StreamSelectLoop",
                "ext-uv": "* for ExtUvLoop"
            },
            "type": "library",
            "autoload": {
                "psr-4": {
                    "React\\EventLoop\\": "src"
                }
            },
            "notification-url": "https://packagist.org/downloads/",
            "license": [
                "MIT"
            ],
            "description": "ReactPHP's core reactor event loop that libraries can use for evented I/O.",
            "keywords": [
                "asynchronous",
                "event-loop"
            ],
            "support": {
                "issues": "https://github.com/reactphp/event-loop/issues",
                "source": "https://github.com/reactphp/event-loop/tree/v1.1.1"
            },
            "time": "2020-01-01T18:39:52+00:00"
        },
        {
            "name": "react/http",
            "version": "v1.3.0",
            "source": {
                "type": "git",
                "url": "https://github.com/reactphp/http.git",
                "reference": "bc537273d11ee769c723a830e63aa33c0c35a530"
            },
            "dist": {
                "type": "zip",
                "url": "https://api.github.com/repos/reactphp/http/zipball/bc537273d11ee769c723a830e63aa33c0c35a530",
                "reference": "bc537273d11ee769c723a830e63aa33c0c35a530",
                "shasum": ""
            },
            "require": {
                "evenement/evenement": "^3.0 || ^2.0 || ^1.0",
                "php": ">=5.3.0",
                "psr/http-message": "^1.0",
                "react/event-loop": "^1.0 || ^0.5",
                "react/promise": "^2.3 || ^1.2.1",
                "react/promise-stream": "^1.1",
                "react/socket": "^1.6",
                "react/stream": "^1.1",
                "ringcentral/psr7": "^1.2"
            },
            "require-dev": {
                "clue/block-react": "^1.1",
                "clue/http-proxy-react": "^1.3",
                "clue/reactphp-ssh-proxy": "^1.0",
                "clue/socks-react": "^1.0",
                "phpunit/phpunit": "^9.3 || ^5.7 || ^4.8.35"
            },
            "type": "library",
            "autoload": {
                "psr-4": {
                    "React\\Http\\": "src"
                }
            },
            "notification-url": "https://packagist.org/downloads/",
            "license": [
                "MIT"
            ],
            "authors": [
                {
                    "name": "Christian Lück",
                    "email": "christian@clue.engineering",
                    "homepage": "https://clue.engineering/"
                },
                {
                    "name": "Cees-Jan Kiewiet",
                    "email": "reactphp@ceesjankiewiet.nl",
                    "homepage": "https://wyrihaximus.net/"
                },
                {
                    "name": "Jan Sorgalla",
                    "email": "jsorgalla@gmail.com",
                    "homepage": "https://sorgalla.com/"
                },
                {
                    "name": "Chris Boden",
                    "email": "cboden@gmail.com",
                    "homepage": "https://cboden.dev/"
                }
            ],
            "description": "Event-driven, streaming HTTP client and server implementation for ReactPHP",
            "keywords": [
                "async",
                "client",
                "event-driven",
                "http",
                "http client",
                "http server",
                "https",
                "psr-7",
                "reactphp",
                "server",
                "streaming"
            ],
            "support": {
                "issues": "https://github.com/reactphp/http/issues",
                "source": "https://github.com/reactphp/http/tree/v1.3.0"
            },
            "funding": [
                {
                    "url": "https://github.com/WyriHaximus",
                    "type": "github"
                },
                {
                    "url": "https://github.com/clue",
                    "type": "github"
                }
            ],
            "time": "2021-04-11T18:07:28+00:00"
        },
        {
            "name": "react/promise",
            "version": "v2.8.0",
            "source": {
                "type": "git",
                "url": "https://github.com/reactphp/promise.git",
                "reference": "f3cff96a19736714524ca0dd1d4130de73dbbbc4"
            },
            "dist": {
                "type": "zip",
                "url": "https://api.github.com/repos/reactphp/promise/zipball/f3cff96a19736714524ca0dd1d4130de73dbbbc4",
                "reference": "f3cff96a19736714524ca0dd1d4130de73dbbbc4",
                "shasum": ""
            },
            "require": {
                "php": ">=5.4.0"
            },
            "require-dev": {
                "phpunit/phpunit": "^7.0 || ^6.5 || ^5.7 || ^4.8.36"
            },
            "type": "library",
            "autoload": {
                "psr-4": {
                    "React\\Promise\\": "src/"
                },
                "files": [
                    "src/functions_include.php"
                ]
            },
            "notification-url": "https://packagist.org/downloads/",
            "license": [
                "MIT"
            ],
            "authors": [
                {
                    "name": "Jan Sorgalla",
                    "email": "jsorgalla@gmail.com"
                }
            ],
            "description": "A lightweight implementation of CommonJS Promises/A for PHP",
            "keywords": [
                "promise",
                "promises"
            ],
            "support": {
                "issues": "https://github.com/reactphp/promise/issues",
                "source": "https://github.com/reactphp/promise/tree/v2.8.0"
            },
            "time": "2020-05-12T15:16:56+00:00"
        },
        {
            "name": "react/promise-stream",
            "version": "v1.2.0",
            "source": {
                "type": "git",
                "url": "https://github.com/reactphp/promise-stream.git",
                "reference": "6384d8b76cf7dcc44b0bf3343fb2b2928412d1fe"
            },
            "dist": {
                "type": "zip",
                "url": "https://api.github.com/repos/reactphp/promise-stream/zipball/6384d8b76cf7dcc44b0bf3343fb2b2928412d1fe",
                "reference": "6384d8b76cf7dcc44b0bf3343fb2b2928412d1fe",
                "shasum": ""
            },
            "require": {
                "php": ">=5.3",
                "react/promise": "^2.1 || ^1.2",
                "react/stream": "^1.0 || ^0.7 || ^0.6 || ^0.5 || ^0.4.6"
            },
            "require-dev": {
                "clue/block-react": "^1.0",
                "phpunit/phpunit": "^7.0 || ^6.4 || ^5.7 || ^4.8.35",
                "react/event-loop": "^1.0 || ^0.5 || ^0.4 || ^0.3",
                "react/promise-timer": "^1.0"
            },
            "type": "library",
            "autoload": {
                "psr-4": {
                    "React\\Promise\\Stream\\": "src/"
                },
                "files": [
                    "src/functions_include.php"
                ]
            },
            "notification-url": "https://packagist.org/downloads/",
            "license": [
                "MIT"
            ],
            "authors": [
                {
                    "name": "Christian Lück",
                    "email": "christian@lueck.tv"
                }
            ],
            "description": "The missing link between Promise-land and Stream-land for ReactPHP",
            "homepage": "https://github.com/reactphp/promise-stream",
            "keywords": [
                "Buffer",
                "async",
                "promise",
                "reactphp",
                "stream",
                "unwrap"
            ],
            "support": {
                "issues": "https://github.com/reactphp/promise-stream/issues",
                "source": "https://github.com/reactphp/promise-stream/tree/v1.2.0"
            },
            "time": "2019-07-03T12:29:10+00:00"
        },
        {
            "name": "react/promise-timer",
            "version": "v1.6.0",
            "source": {
                "type": "git",
                "url": "https://github.com/reactphp/promise-timer.git",
                "reference": "daee9baf6ef30c43ea4c86399f828bb5f558f6e6"
            },
            "dist": {
                "type": "zip",
                "url": "https://api.github.com/repos/reactphp/promise-timer/zipball/daee9baf6ef30c43ea4c86399f828bb5f558f6e6",
                "reference": "daee9baf6ef30c43ea4c86399f828bb5f558f6e6",
                "shasum": ""
            },
            "require": {
                "php": ">=5.3",
                "react/event-loop": "^1.0 || ^0.5 || ^0.4 || ^0.3.5",
                "react/promise": "^3.0 || ^2.7.0 || ^1.2.1"
            },
            "require-dev": {
                "phpunit/phpunit": "^9.0 || ^5.7 || ^4.8.35"
            },
            "type": "library",
            "autoload": {
                "psr-4": {
                    "React\\Promise\\Timer\\": "src/"
                },
                "files": [
                    "src/functions_include.php"
                ]
            },
            "notification-url": "https://packagist.org/downloads/",
            "license": [
                "MIT"
            ],
            "authors": [
                {
                    "name": "Christian Lück",
                    "email": "christian@lueck.tv"
                }
            ],
            "description": "A trivial implementation of timeouts for Promises, built on top of ReactPHP.",
            "homepage": "https://github.com/reactphp/promise-timer",
            "keywords": [
                "async",
                "event-loop",
                "promise",
                "reactphp",
                "timeout",
                "timer"
            ],
            "support": {
                "issues": "https://github.com/reactphp/promise-timer/issues",
                "source": "https://github.com/reactphp/promise-timer/tree/v1.6.0"
            },
            "time": "2020-07-10T12:18:06+00:00"
        },
        {
            "name": "react/socket",
            "version": "v1.6.0",
            "source": {
                "type": "git",
                "url": "https://github.com/reactphp/socket.git",
                "reference": "e2b96b23a13ca9b41ab343268dbce3f8ef4d524a"
            },
            "dist": {
                "type": "zip",
                "url": "https://api.github.com/repos/reactphp/socket/zipball/e2b96b23a13ca9b41ab343268dbce3f8ef4d524a",
                "reference": "e2b96b23a13ca9b41ab343268dbce3f8ef4d524a",
                "shasum": ""
            },
            "require": {
                "evenement/evenement": "^3.0 || ^2.0 || ^1.0",
                "php": ">=5.3.0",
                "react/dns": "^1.1",
                "react/event-loop": "^1.0 || ^0.5",
                "react/promise": "^2.6.0 || ^1.2.1",
                "react/promise-timer": "^1.4.0",
                "react/stream": "^1.1"
            },
            "require-dev": {
                "clue/block-react": "^1.2",
                "phpunit/phpunit": "^9.3 || ^5.7 || ^4.8.35",
                "react/promise-stream": "^1.2"
            },
            "type": "library",
            "autoload": {
                "psr-4": {
                    "React\\Socket\\": "src"
                }
            },
            "notification-url": "https://packagist.org/downloads/",
            "license": [
                "MIT"
            ],
            "authors": [
                {
                    "name": "Christian Lück",
                    "email": "christian@clue.engineering",
                    "homepage": "https://clue.engineering/"
                },
                {
                    "name": "Cees-Jan Kiewiet",
                    "email": "reactphp@ceesjankiewiet.nl",
                    "homepage": "https://wyrihaximus.net/"
                },
                {
                    "name": "Jan Sorgalla",
                    "email": "jsorgalla@gmail.com",
                    "homepage": "https://sorgalla.com/"
                },
                {
                    "name": "Chris Boden",
                    "email": "cboden@gmail.com",
                    "homepage": "https://cboden.dev/"
                }
            ],
            "description": "Async, streaming plaintext TCP/IP and secure TLS socket server and client connections for ReactPHP",
            "keywords": [
                "Connection",
                "Socket",
                "async",
                "reactphp",
                "stream"
            ],
            "support": {
                "issues": "https://github.com/reactphp/socket/issues",
                "source": "https://github.com/reactphp/socket/tree/v1.6.0"
            },
            "funding": [
                {
                    "url": "https://github.com/WyriHaximus",
                    "type": "github"
                },
                {
                    "url": "https://github.com/clue",
                    "type": "github"
                }
            ],
            "time": "2020-08-28T12:49:05+00:00"
        },
        {
            "name": "react/stream",
            "version": "v1.1.1",
            "source": {
                "type": "git",
                "url": "https://github.com/reactphp/stream.git",
                "reference": "7c02b510ee3f582c810aeccd3a197b9c2f52ff1a"
            },
            "dist": {
                "type": "zip",
                "url": "https://api.github.com/repos/reactphp/stream/zipball/7c02b510ee3f582c810aeccd3a197b9c2f52ff1a",
                "reference": "7c02b510ee3f582c810aeccd3a197b9c2f52ff1a",
                "shasum": ""
            },
            "require": {
                "evenement/evenement": "^3.0 || ^2.0 || ^1.0",
                "php": ">=5.3.8",
                "react/event-loop": "^1.0 || ^0.5 || ^0.4 || ^0.3.5"
            },
            "require-dev": {
                "clue/stream-filter": "~1.2",
                "phpunit/phpunit": "^7.0 || ^6.4 || ^5.7 || ^4.8.35"
            },
            "type": "library",
            "autoload": {
                "psr-4": {
                    "React\\Stream\\": "src"
                }
            },
            "notification-url": "https://packagist.org/downloads/",
            "license": [
                "MIT"
            ],
            "description": "Event-driven readable and writable streams for non-blocking I/O in ReactPHP",
            "keywords": [
                "event-driven",
                "io",
                "non-blocking",
                "pipe",
                "reactphp",
                "readable",
                "stream",
                "writable"
            ],
            "support": {
                "issues": "https://github.com/reactphp/stream/issues",
                "source": "https://github.com/reactphp/stream/tree/v1.1.1"
            },
            "time": "2020-05-04T10:17:57+00:00"
        },
        {
            "name": "ringcentral/psr7",
            "version": "1.3.0",
            "source": {
                "type": "git",
                "url": "https://github.com/ringcentral/psr7.git",
                "reference": "360faaec4b563958b673fb52bbe94e37f14bc686"
            },
            "dist": {
                "type": "zip",
                "url": "https://api.github.com/repos/ringcentral/psr7/zipball/360faaec4b563958b673fb52bbe94e37f14bc686",
                "reference": "360faaec4b563958b673fb52bbe94e37f14bc686",
                "shasum": ""
            },
            "require": {
                "php": ">=5.3",
                "psr/http-message": "~1.0"
            },
            "provide": {
                "psr/http-message-implementation": "1.0"
            },
            "require-dev": {
                "phpunit/phpunit": "~4.0"
            },
            "type": "library",
            "extra": {
                "branch-alias": {
                    "dev-master": "1.0-dev"
                }
            },
            "autoload": {
                "psr-4": {
                    "RingCentral\\Psr7\\": "src/"
                },
                "files": [
                    "src/functions_include.php"
                ]
            },
            "notification-url": "https://packagist.org/downloads/",
            "license": [
                "MIT"
            ],
            "authors": [
                {
                    "name": "Michael Dowling",
                    "email": "mtdowling@gmail.com",
                    "homepage": "https://github.com/mtdowling"
                }
            ],
            "description": "PSR-7 message implementation",
            "keywords": [
                "http",
                "message",
                "stream",
                "uri"
            ],
            "support": {
                "source": "https://github.com/ringcentral/psr7/tree/master"
            },
            "time": "2018-05-29T20:21:04+00:00"
        },
        {
            "name": "twbs/bootstrap",
            "version": "v4.6.0",
            "source": {
                "type": "git",
                "url": "https://github.com/twbs/bootstrap.git",
                "reference": "6ffb0b48e455430f8a5359ed689ad64c1143fac2"
            },
            "dist": {
                "type": "zip",
                "url": "https://api.github.com/repos/twbs/bootstrap/zipball/6ffb0b48e455430f8a5359ed689ad64c1143fac2",
                "reference": "6ffb0b48e455430f8a5359ed689ad64c1143fac2",
                "shasum": ""
            },
            "replace": {
                "twitter/bootstrap": "self.version"
            },
            "type": "library",
            "extra": {
                "branch-alias": {
                    "dev-master": "3.3.x-dev"
                }
            },
            "notification-url": "https://packagist.org/downloads/",
            "license": [
                "MIT"
            ],
            "authors": [
                {
                    "name": "Mark Otto",
                    "email": "markdotto@gmail.com"
                },
                {
                    "name": "Jacob Thornton",
                    "email": "jacobthornton@gmail.com"
                }
            ],
            "description": "The most popular front-end framework for developing responsive, mobile first projects on the web.",
            "homepage": "https://getbootstrap.com/",
            "keywords": [
                "JS",
                "css",
                "framework",
                "front-end",
                "mobile-first",
                "responsive",
                "sass",
                "web"
            ],
            "support": {
                "issues": "https://github.com/twbs/bootstrap/issues",
                "source": "https://github.com/twbs/bootstrap/tree/v4.6.0"
            },
            "funding": [
                {
                    "url": "https://opencollective.com/bootstrap",
                    "type": "open_collective"
                }
            ],
            "time": "2021-01-19T16:16:38+00:00"
        }
    ],
    "packages-dev": [],
    "aliases": [],
    "minimum-stability": "dev",
    "stability-flags": [],
    "prefer-stable": true,
    "prefer-lowest": false,
    "platform": {
        "ext-simplexml": "*",
        "ext-json": "*"
    },
    "platform-dev": [],
    "plugin-api-version": "2.0.0"
}
